
Microsoft Visual Studio Solution File, Format Version 12.00
# Visual Studio Version 17
VisualStudioVersion = 17.13.35931.197
MinimumVisualStudioVersion = 10.0.40219.1
Project("{2150E333-8FDC-42A3-9474-1A3956D46DE8}") = "Application", "Application", "{02EA681E-C7D8-13C7-8484-4AC65E1B71E8}"
EndProject
Project("{2150E333-8FDC-42A3-9474-1A3956D46DE8}") = "Core", "Core", "{3E4DD615-4200-48B8-9C1A-713089A1DBEB}"
EndProject
Project("{2150E333-8FDC-42A3-9474-1A3956D46DE8}") = "Infrastructure", "Infrastructure", "{B69C3AD7-F1D0-4CEA-A75E-1716DC9F07CA}"
EndProject
Project("{2150E333-8FDC-42A3-9474-1A3956D46DE8}") = "Presentation", "Presentation", "{B00796DE-A61C-4CB3-B1BA-593F677BA19B}"
EndProject
Project("{FAE04EC0-301F-11D3-BF4B-00C04F79EFBC}") = "UmutcanDev.Application", "Application\UmutcanDev.Application\UmutcanDev.Application.csproj", "{7FBC304A-E493-41EA-848E-CD399FA8C152}"
EndProject
Project("{FAE04EC0-301F-11D3-BF4B-00C04F79EFBC}") = "UmutcanDev.Core", "Core\UmutcanDev.Core\UmutcanDev.Core.csproj", "{9113A45D-C992-4A10-8A80-3BF40BB3D310}"
EndProject
Project("{FAE04EC0-301F-11D3-BF4B-00C04F79EFBC}") = "UmutcanDev.Infrastructure", "Infrastructure\UmutcanDev.Infrastructure\UmutcanDev.Infrastructure.csproj", "{D055BF71-D0DB-49D4-88EF-0BD660CE4BFE}"
EndProject
Project("{FAE04EC0-301F-11D3-BF4B-00C04F79EFBC}") = "UmutcanDev.Presentation", "Presentation\UmutcanDev.Presentation\UmutcanDev.Presentation.csproj", "{66425DB7-767B-4E08-9055-BE3939CF6851}"
EndProject
Global
	GlobalSection(SolutionConfigurationPlatforms) = preSolution
		Debug|Any CPU = Debug|Any CPU
		Release|Any CPU = Release|Any CPU
	EndGlobalSection
	GlobalSection(ProjectConfigurationPlatforms) = postSolution
		{7FBC304A-E493-41EA-848E-CD399FA8C152}.Debug|Any CPU.ActiveCfg = Debug|Any CPU
		{7FBC304A-E493-41EA-848E-CD399FA8C152}.Debug|Any CPU.Build.0 = Debug|Any CPU
		{7FBC304A-E493-41EA-848E-CD399FA8C152}.Release|Any CPU.ActiveCfg = Release|Any CPU
		{7FBC304A-E493-41EA-848E-CD399FA8C152}.Release|Any CPU.Build.0 = Release|Any CPU
		{9113A45D-C992-4A10-8A80-3BF40BB3D310}.Debug|Any CPU.ActiveCfg = Debug|Any CPU
		{9113A45D-C992-4A10-8A80-3BF40BB3D310}.Debug|Any CPU.Build.0 = Debug|Any CPU
		{9113A45D-C992-4A10-8A80-3BF40BB3D310}.Release|Any CPU.ActiveCfg = Release|Any CPU
		{9113A45D-C992-4A10-8A80-3BF40BB3D310}.Release|Any CPU.Build.0 = Release|Any CPU
		{D055BF71-D0DB-49D4-88EF-0BD660CE4BFE}.Debug|Any CPU.ActiveCfg = Debug|Any CPU
		{D055BF71-D0DB-49D4-88EF-0BD660CE4BFE}.Debug|Any CPU.Build.0 = Debug|Any CPU
		{D055BF71-D0DB-49D4-88EF-0BD660CE4BFE}.Release|Any CPU.ActiveCfg = Release|Any CPU
		{D055BF71-D0DB-49D4-88EF-0BD660CE4BFE}.Release|Any CPU.Build.0 = Release|Any CPU
		{66425DB7-767B-4E08-9055-BE3939CF6851}.Debug|Any CPU.ActiveCfg = Debug|Any CPU
		{66425DB7-767B-4E08-9055-BE3939CF6851}.Debug|Any CPU.Build.0 = Debug|Any CPU
		{66425DB7-767B-4E08-9055-BE3939CF6851}.Release|Any CPU.ActiveCfg = Release|Any CPU
		{66425DB7-767B-4E08-9055-BE3939CF6851}.Release|Any CPU.Build.0 = Release|Any CPU
	EndGlobalSection
	GlobalSection(SolutionProperties) = preSolution
		HideSolutionNode = FALSE
	EndGlobalSection
	GlobalSection(NestedProjects) = preSolution
		{7FBC304A-E493-41EA-848E-CD399FA8C152} = {02EA681E-C7D8-13C7-8484-4AC65E1B71E8}
		{9113A45D-C992-4A10-8A80-3BF40BB3D310} = {3E4DD615-4200-48B8-9C1A-713089A1DBEB}
		{D055BF71-D0DB-49D4-88EF-0BD660CE4BFE} = {B69C3AD7-F1D0-4CEA-A75E-1716DC9F07CA}
		{66425DB7-767B-4E08-9055-BE3939CF6851} = {B00796DE-A61C-4CB3-B1BA-593F677BA19B}
	EndGlobalSection
	GlobalSection(ExtensibilityGlobals) = postSolution
		SolutionGuid = {E6E85102-DEF1-4C52-BC4C-C27AA61C25D9}
	EndGlobalSection
EndGlobal
